
Microsoft Visual Studio Solution File, Format Version 12.00
# Visual Studio Version 16
VisualStudioVersion = 16.0.30413.136
MinimumVisualStudioVersion = 10.0.40219.1
Project("{FAE04EC0-301F-11D3-BF4B-00C04F79EFBC}") = "SettingExtend", "SettingExtend\SettingExtend.csproj", "{F3FD6EE6-00EE-453A-BEDA-347EF4D2D059}"
EndProject
Global
	GlobalSection(SolutionConfigurationPlatforms) = preSolution
		Debug|Any CPU = Debug|Any CPU
		Release|Any CPU = Release|Any CPU
	EndGlobalSection
	GlobalSection(ProjectConfigurationPlatforms) = postSolution
		{F3FD6EE6-00EE-453A-BEDA-347EF4D2D059}.Debug|Any CPU.ActiveCfg = Debug|Any CPU
		{F3FD6EE6-00EE-453A-BEDA-347EF4D2D059}.Debug|Any CPU.Build.0 = Debug|Any CPU
		{F3FD6EE6-00EE-453A-BEDA-347EF4D2D059}.Release|Any CPU.ActiveCfg = Release|Any CPU
		{F3FD6EE6-00EE-453A-BEDA-347EF4D2D059}.Release|Any CPU.Build.0 = Release|Any CPU
	EndGlobalSection
	GlobalSection(SolutionProperties) = preSolution
		HideSolutionNode = FALSE
	EndGlobalSection
	GlobalSection(ExtensibilityGlobals) = postSolution
		SolutionGuid = {24928497-26A4-4258-BB94-756D11C093BC}
	EndGlobalSection
EndGlobal
